
Microsoft Visual Studio Solution File, Format Version 12.00
# Visual Studio Version 17
VisualStudioVersion = 17.0.31903.59
MinimumVisualStudioVersion = 10.0.40219.1
Project("{2150E333-8FDC-42A3-9474-1A3956D46DE8}") = "src", "src", "{C02B461D-F5BC-4069-962C-FE1CBA3E9947}"
EndProject
Project("{FAE04EC0-301F-11D3-BF4B-00C04F79EFBC}") = "LunaSphere.Api", "src\LunaSphere.Api\LunaSphere.Api.csproj", "{9769B483-36E5-475A-BE8B-B4D1E77A8776}"
EndProject
Project("{FAE04EC0-301F-11D3-BF4B-00C04F79EFBC}") = "LunaSphere.Application", "src\LunaSphere.Application\LunaSphere.Application.csproj", "{CA34499D-8B17-4C1E-84DA-0438D33C589D}"
EndProject
Project("{FAE04EC0-301F-11D3-BF4B-00C04F79EFBC}") = "LunaSphere.Domain", "src\LunaSphere.Domain\LunaSphere.Domain.csproj", "{3D96835A-AB0B-422D-A596-F45B8396A594}"
EndProject
Project("{FAE04EC0-301F-11D3-BF4B-00C04F79EFBC}") = "LunaSphere.Infrastructure", "src\LunaSphere.Infrastructure\LunaSphere.Infrastructure.csproj", "{411BEEC7-D606-46D2-8C30-5FAD1F89BD4F}"
EndProject
Project("{2150E333-8FDC-42A3-9474-1A3956D46DE8}") = "tests", "tests", "{F6B8A7DA-D1D5-4E23-A5AF-289461586C67}"
EndProject
Project("{FAE04EC0-301F-11D3-BF4B-00C04F79EFBC}") = "LunaSphere.Api.Tests.Unit", "tests\LunaSphere.Api.Tests.Unit\LunaSphere.Api.Tests.Unit.csproj", "{7D9BA20C-0951-417A-9B14-F6D570F33FF3}"
EndProject
Global
	GlobalSection(SolutionConfigurationPlatforms) = preSolution
		Debug|Any CPU = Debug|Any CPU
		Release|Any CPU = Release|Any CPU
	EndGlobalSection
	GlobalSection(SolutionProperties) = preSolution
		HideSolutionNode = FALSE
	EndGlobalSection
	GlobalSection(ProjectConfigurationPlatforms) = postSolution
		{9769B483-36E5-475A-BE8B-B4D1E77A8776}.Debug|Any CPU.ActiveCfg = Debug|Any CPU
		{9769B483-36E5-475A-BE8B-B4D1E77A8776}.Debug|Any CPU.Build.0 = Debug|Any CPU
		{9769B483-36E5-475A-BE8B-B4D1E77A8776}.Release|Any CPU.ActiveCfg = Release|Any CPU
		{9769B483-36E5-475A-BE8B-B4D1E77A8776}.Release|Any CPU.Build.0 = Release|Any CPU
		{CA34499D-8B17-4C1E-84DA-0438D33C589D}.Debug|Any CPU.ActiveCfg = Debug|Any CPU
		{CA34499D-8B17-4C1E-84DA-0438D33C589D}.Debug|Any CPU.Build.0 = Debug|Any CPU
		{CA34499D-8B17-4C1E-84DA-0438D33C589D}.Release|Any CPU.ActiveCfg = Release|Any CPU
		{CA34499D-8B17-4C1E-84DA-0438D33C589D}.Release|Any CPU.Build.0 = Release|Any CPU
		{3D96835A-AB0B-422D-A596-F45B8396A594}.Debug|Any CPU.ActiveCfg = Debug|Any CPU
		{3D96835A-AB0B-422D-A596-F45B8396A594}.Debug|Any CPU.Build.0 = Debug|Any CPU
		{3D96835A-AB0B-422D-A596-F45B8396A594}.Release|Any CPU.ActiveCfg = Release|Any CPU
		{3D96835A-AB0B-422D-A596-F45B8396A594}.Release|Any CPU.Build.0 = Release|Any CPU
		{411BEEC7-D606-46D2-8C30-5FAD1F89BD4F}.Debug|Any CPU.ActiveCfg = Debug|Any CPU
		{411BEEC7-D606-46D2-8C30-5FAD1F89BD4F}.Debug|Any CPU.Build.0 = Debug|Any CPU
		{411BEEC7-D606-46D2-8C30-5FAD1F89BD4F}.Release|Any CPU.ActiveCfg = Release|Any CPU
		{411BEEC7-D606-46D2-8C30-5FAD1F89BD4F}.Release|Any CPU.Build.0 = Release|Any CPU
		{7D9BA20C-0951-417A-9B14-F6D570F33FF3}.Debug|Any CPU.ActiveCfg = Debug|Any CPU
		{7D9BA20C-0951-417A-9B14-F6D570F33FF3}.Debug|Any CPU.Build.0 = Debug|Any CPU
		{7D9BA20C-0951-417A-9B14-F6D570F33FF3}.Release|Any CPU.ActiveCfg = Release|Any CPU
		{7D9BA20C-0951-417A-9B14-F6D570F33FF3}.Release|Any CPU.Build.0 = Release|Any CPU
	EndGlobalSection
	GlobalSection(NestedProjects) = preSolution
		{9769B483-36E5-475A-BE8B-B4D1E77A8776} = {C02B461D-F5BC-4069-962C-FE1CBA3E9947}
		{CA34499D-8B17-4C1E-84DA-0438D33C589D} = {C02B461D-F5BC-4069-962C-FE1CBA3E9947}
		{3D96835A-AB0B-422D-A596-F45B8396A594} = {C02B461D-F5BC-4069-962C-FE1CBA3E9947}
		{411BEEC7-D606-46D2-8C30-5FAD1F89BD4F} = {C02B461D-F5BC-4069-962C-FE1CBA3E9947}
		{7D9BA20C-0951-417A-9B14-F6D570F33FF3} = {F6B8A7DA-D1D5-4E23-A5AF-289461586C67}
	EndGlobalSection
EndGlobal
